{
  "version": 4,
  "terraform_version": "1.13.3",
  "serial": 116,
  "lineage": "15aeb60b-f75b-9fe1-8417-11357e8c79b4",
  "outputs": {
    "vm_public_ips": {
      "value": {
        "htw-vm01": "51.124.111.209",
        "htw-vm02": "20.56.100.227"
      },
      "type": [
        "object",
        {
          "htw-vm01": "string",
          "htw-vm02": "string"
        }
      ]
    }
  },
  "resources": [
    {
      "mode": "managed",
      "type": "azurerm_network_interface",
      "name": "htw_nic",
      "provider": "provider[\"registry.terraform.io/hashicorp/azurerm\"]",
      "instances": [
        {
          "index_key": "htw-vm01",
          "schema_version": 0,
          "attributes": {
            "accelerated_networking_enabled": false,
            "applied_dns_servers": [],
            "auxiliary_mode": "",
            "auxiliary_sku": "",
            "dns_servers": [],
            "edge_zone": "",
            "enable_accelerated_networking": false,
            "enable_ip_forwarding": false,
            "id": "/subscriptions/ebfda803-71d8-4143-8888-0c70f5d0c5e2/resourceGroups/htw_RG01/providers/Microsoft.Network/networkInterfaces/htw-vm01-nic",
            "internal_dns_name_label": "",
            "internal_domain_name_suffix": "5itvs01dxljuvittwkpibq1ope.ax.internal.cloudapp.net",
            "ip_configuration": [
              {
                "gateway_load_balancer_frontend_ip_configuration_id": "",
                "name": "internal",
                "primary": true,
                "private_ip_address": "10.0.0.5",
                "private_ip_address_allocation": "Dynamic",
                "private_ip_address_version": "IPv4",
                "public_ip_address_id": "/subscriptions/ebfda803-71d8-4143-8888-0c70f5d0c5e2/resourceGroups/htw_RG01/providers/Microsoft.Network/publicIPAddresses/htw-vm01-ip",
                "subnet_id": "/subscriptions/ebfda803-71d8-4143-8888-0c70f5d0c5e2/resourceGroups/htw_RG01/providers/Microsoft.Network/virtualNetworks/htw_vnet01/subnets/htw_subnet01"
              }
            ],
            "ip_forwarding_enabled": false,
            "location": "westeurope",
            "mac_address": "7C-ED-8D-10-AE-F3",
            "name": "htw-vm01-nic",
            "private_ip_address": "10.0.0.5",
            "private_ip_addresses": [
              "10.0.0.5"
            ],
            "resource_group_name": "htw_RG01",
            "tags": {
              "environment": "dev",
              "project": "htw"
            },
            "timeouts": null,
            "virtual_machine_id": "/subscriptions/ebfda803-71d8-4143-8888-0c70f5d0c5e2/resourceGroups/htw_RG01/providers/Microsoft.Compute/virtualMachines/htw-vm01"
          },
          "sensitive_attributes": [],
          "identity_schema_version": 0,
          "private": "eyJlMmJmYjczMC1lY2FhLTExZTYtOGY4OC0zNDM2M2JjN2M0YzAiOnsiY3JlYXRlIjoxODAwMDAwMDAwMDAwLCJkZWxldGUiOjE4MDAwMDAwMDAwMDAsInJlYWQiOjMwMDAwMDAwMDAwMCwidXBkYXRlIjoxODAwMDAwMDAwMDAwfX0=",
          "dependencies": [
            "azurerm_public_ip.htw_ip",
            "azurerm_resource_group.htw_RG",
            "azurerm_subnet.htw_subnet",
            "azurerm_virtual_network.htw_vnet"
          ]
        },
        {
          "index_key": "htw-vm02",
          "schema_version": 0,
          "attributes": {
            "accelerated_networking_enabled": false,
            "applied_dns_servers": [],
            "auxiliary_mode": "",
            "auxiliary_sku": "",
            "dns_servers": [],
            "edge_zone": "",
            "enable_accelerated_networking": false,
            "enable_ip_forwarding": false,
            "id": "/subscriptions/ebfda803-71d8-4143-8888-0c70f5d0c5e2/resourceGroups/htw_RG01/providers/Microsoft.Network/networkInterfaces/htw-vm02-nic",
            "internal_dns_name_label": "",
            "internal_domain_name_suffix": "5itvs01dxljuvittwkpibq1ope.ax.internal.cloudapp.net",
            "ip_configuration": [
              {
                "gateway_load_balancer_frontend_ip_configuration_id": "",
                "name": "internal",
                "primary": true,
                "private_ip_address": "10.0.0.4",
                "private_ip_address_allocation": "Dynamic",
                "private_ip_address_version": "IPv4",
                "public_ip_address_id": "/subscriptions/ebfda803-71d8-4143-8888-0c70f5d0c5e2/resourceGroups/htw_RG01/providers/Microsoft.Network/publicIPAddresses/htw-vm02-ip",
                "subnet_id": "/subscriptions/ebfda803-71d8-4143-8888-0c70f5d0c5e2/resourceGroups/htw_RG01/providers/Microsoft.Network/virtualNetworks/htw_vnet01/subnets/htw_subnet01"
              }
            ],
            "ip_forwarding_enabled": false,
            "location": "westeurope",
            "mac_address": "60-45-BD-8C-E1-FF",
            "name": "htw-vm02-nic",
            "private_ip_address": "10.0.0.4",
            "private_ip_addresses": [
              "10.0.0.4"
            ],
            "resource_group_name": "htw_RG01",
            "tags": {
              "environment": "dev",
              "project": "htw"
            },
            "timeouts": null,
            "virtual_machine_id": "/subscriptions/ebfda803-71d8-4143-8888-0c70f5d0c5e2/resourceGroups/htw_RG01/providers/Microsoft.Compute/virtualMachines/htw-vm02"
          },
          "sensitive_attributes": [],
          "identity_schema_version": 0,
          "private": "eyJlMmJmYjczMC1lY2FhLTExZTYtOGY4OC0zNDM2M2JjN2M0YzAiOnsiY3JlYXRlIjoxODAwMDAwMDAwMDAwLCJkZWxldGUiOjE4MDAwMDAwMDAwMDAsInJlYWQiOjMwMDAwMDAwMDAwMCwidXBkYXRlIjoxODAwMDAwMDAwMDAwfX0=",
          "dependencies": [
            "azurerm_public_ip.htw_ip",
            "azurerm_resource_group.htw_RG",
            "azurerm_subnet.htw_subnet",
            "azurerm_virtual_network.htw_vnet"
          ]
        }
      ]
    },
    {
      "mode": "managed",
      "type": "azurerm_network_security_group",
      "name": "htw_nsg",
      "provider": "provider[\"registry.terraform.io/hashicorp/azurerm\"]",
      "instances": [
        {
          "schema_version": 0,
          "attributes": {
            "id": "/subscriptions/ebfda803-71d8-4143-8888-0c70f5d0c5e2/resourceGroups/htw_RG01/providers/Microsoft.Network/networkSecurityGroups/htw_nsg01",
            "location": "westeurope",
            "name": "htw_nsg01",
            "resource_group_name": "htw_RG01",
            "security_rule": [
              {
                "access": "Allow",
                "description": "",
                "destination_address_prefix": "*",
                "destination_address_prefixes": [],
                "destination_application_security_group_ids": [],
                "destination_port_range": "3389",
                "destination_port_ranges": [],
                "direction": "Inbound",
                "name": "Allow-RDP",
                "priority": 100,
                "protocol": "Tcp",
                "source_address_prefix": "*",
                "source_address_prefixes": [],
                "source_application_security_group_ids": [],
                "source_port_range": "*",
                "source_port_ranges": []
              }
            ],
            "tags": {
              "environment": "dev",
              "project": "htw"
            },
            "timeouts": null
          },
          "sensitive_attributes": [],
          "identity_schema_version": 0,
          "private": "eyJlMmJmYjczMC1lY2FhLTExZTYtOGY4OC0zNDM2M2JjN2M0YzAiOnsiY3JlYXRlIjoxODAwMDAwMDAwMDAwLCJkZWxldGUiOjE4MDAwMDAwMDAwMDAsInJlYWQiOjMwMDAwMDAwMDAwMCwidXBkYXRlIjoxODAwMDAwMDAwMDAwfX0=",
          "dependencies": [
            "azurerm_resource_group.htw_RG"
          ]
        }
      ]
    },
    {
      "mode": "managed",
      "type": "azurerm_network_security_rule",
      "name": "rdp_rule",
      "provider": "provider[\"registry.terraform.io/hashicorp/azurerm\"]",
      "instances": [
        {
          "schema_version": 0,
          "attributes": {
            "access": "Allow",
            "description": "",
            "destination_address_prefix": "*",
            "destination_address_prefixes": [],
            "destination_application_security_group_ids": [],
            "destination_port_range": "3389",
            "destination_port_ranges": [],
            "direction": "Inbound",
            "id": "/subscriptions/ebfda803-71d8-4143-8888-0c70f5d0c5e2/resourceGroups/htw_RG01/providers/Microsoft.Network/networkSecurityGroups/htw_nsg01/securityRules/Allow-RDP",
            "name": "Allow-RDP",
            "network_security_group_name": "htw_nsg01",
            "priority": 100,
            "protocol": "Tcp",
            "resource_group_name": "htw_RG01",
            "source_address_prefix": "*",
            "source_address_prefixes": [],
            "source_application_security_group_ids": [],
            "source_port_range": "*",
            "source_port_ranges": [],
            "timeouts": null
          },
          "sensitive_attributes": [],
          "identity_schema_version": 0,
          "private": "eyJlMmJmYjczMC1lY2FhLTExZTYtOGY4OC0zNDM2M2JjN2M0YzAiOnsiY3JlYXRlIjoxODAwMDAwMDAwMDAwLCJkZWxldGUiOjE4MDAwMDAwMDAwMDAsInJlYWQiOjMwMDAwMDAwMDAwMCwidXBkYXRlIjoxODAwMDAwMDAwMDAwfX0=",
          "dependencies": [
            "azurerm_network_security_group.htw_nsg",
            "azurerm_resource_group.htw_RG"
          ]
        }
      ]
    },
    {
      "mode": "managed",
      "type": "azurerm_public_ip",
      "name": "htw_ip",
      "provider": "provider[\"registry.terraform.io/hashicorp/azurerm\"]",
      "instances": [
        {
          "index_key": "htw-vm01",
          "schema_version": 0,
          "attributes": {
            "allocation_method": "Static",
            "ddos_protection_mode": "VirtualNetworkInherited",
            "ddos_protection_plan_id": null,
            "domain_name_label": null,
            "edge_zone": "",
            "fqdn": null,
            "id": "/subscriptions/ebfda803-71d8-4143-8888-0c70f5d0c5e2/resourceGroups/htw_RG01/providers/Microsoft.Network/publicIPAddresses/htw-vm01-ip",
            "idle_timeout_in_minutes": 4,
            "ip_address": "51.124.111.209",
            "ip_tags": {},
            "ip_version": "IPv4",
            "location": "westeurope",
            "name": "htw-vm01-ip",
            "public_ip_prefix_id": null,
            "resource_group_name": "htw_RG01",
            "reverse_fqdn": null,
            "sku": "Standard",
            "sku_tier": "Regional",
            "tags": {
              "environment": "dev",
              "project": "htw"
            },
            "timeouts": null,
            "zones": [
              "1"
            ]
          },
          "sensitive_attributes": [],
          "identity_schema_version": 0,
          "private": "eyJlMmJmYjczMC1lY2FhLTExZTYtOGY4OC0zNDM2M2JjN2M0YzAiOnsiY3JlYXRlIjoxODAwMDAwMDAwMDAwLCJkZWxldGUiOjE4MDAwMDAwMDAwMDAsInJlYWQiOjMwMDAwMDAwMDAwMCwidXBkYXRlIjoxODAwMDAwMDAwMDAwfX0=",
          "dependencies": [
            "azurerm_resource_group.htw_RG"
          ]
        },
        {
          "index_key": "htw-vm02",
          "schema_version": 0,
          "attributes": {
            "allocation_method": "Static",
            "ddos_protection_mode": "VirtualNetworkInherited",
            "ddos_protection_plan_id": null,
            "domain_name_label": null,
            "edge_zone": "",
            "fqdn": null,
            "id": "/subscriptions/ebfda803-71d8-4143-8888-0c70f5d0c5e2/resourceGroups/htw_RG01/providers/Microsoft.Network/publicIPAddresses/htw-vm02-ip",
            "idle_timeout_in_minutes": 4,
            "ip_address": "20.56.100.227",
            "ip_tags": {},
            "ip_version": "IPv4",
            "location": "westeurope",
            "name": "htw-vm02-ip",
            "public_ip_prefix_id": null,
            "resource_group_name": "htw_RG01",
            "reverse_fqdn": null,
            "sku": "Standard",
            "sku_tier": "Regional",
            "tags": {
              "environment": "dev",
              "project": "htw"
            },
            "timeouts": null,
            "zones": [
              "1"
            ]
          },
          "sensitive_attributes": [],
          "identity_schema_version": 0,
          "private": "eyJlMmJmYjczMC1lY2FhLTExZTYtOGY4OC0zNDM2M2JjN2M0YzAiOnsiY3JlYXRlIjoxODAwMDAwMDAwMDAwLCJkZWxldGUiOjE4MDAwMDAwMDAwMDAsInJlYWQiOjMwMDAwMDAwMDAwMCwidXBkYXRlIjoxODAwMDAwMDAwMDAwfX0=",
          "dependencies": [
            "azurerm_resource_group.htw_RG"
          ]
        }
      ]
    },
    {
      "mode": "managed",
      "type": "azurerm_resource_group",
      "name": "htw_RG",
      "provider": "provider[\"registry.terraform.io/hashicorp/azurerm\"]",
      "instances": [
        {
          "schema_version": 0,
          "attributes": {
            "id": "/subscriptions/ebfda803-71d8-4143-8888-0c70f5d0c5e2/resourceGroups/htw_RG01",
            "location": "westeurope",
            "managed_by": "",
            "name": "htw_RG01",
            "tags": {
              "environment": "dev",
              "project": "htw"
            },
            "timeouts": null
          },
          "sensitive_attributes": [],
          "identity_schema_version": 0,
          "private": "eyJlMmJmYjczMC1lY2FhLTExZTYtOGY4OC0zNDM2M2JjN2M0YzAiOnsiY3JlYXRlIjo1NDAwMDAwMDAwMDAwLCJkZWxldGUiOjU0MDAwMDAwMDAwMDAsInJlYWQiOjMwMDAwMDAwMDAwMCwidXBkYXRlIjo1NDAwMDAwMDAwMDAwfX0="
        }
      ]
    },
    {
      "mode": "managed",
      "type": "azurerm_subnet",
      "name": "htw_subnet",
      "provider": "provider[\"registry.terraform.io/hashicorp/azurerm\"]",
      "instances": [
        {
          "schema_version": 0,
          "attributes": {
            "address_prefixes": [
              "10.0.0.0/24"
            ],
            "default_outbound_access_enabled": true,
            "delegation": [],
            "enforce_private_link_endpoint_network_policies": false,
            "enforce_private_link_service_network_policies": false,
            "id": "/subscriptions/ebfda803-71d8-4143-8888-0c70f5d0c5e2/resourceGroups/htw_RG01/providers/Microsoft.Network/virtualNetworks/htw_vnet01/subnets/htw_subnet01",
            "name": "htw_subnet01",
            "private_endpoint_network_policies": "Enabled",
            "private_endpoint_network_policies_enabled": true,
            "private_link_service_network_policies_enabled": true,
            "resource_group_name": "htw_RG01",
            "service_endpoint_policy_ids": [],
            "service_endpoints": [],
            "timeouts": null,
            "virtual_network_name": "htw_vnet01"
          },
          "sensitive_attributes": [],
          "identity_schema_version": 0,
          "private": "eyJlMmJmYjczMC1lY2FhLTExZTYtOGY4OC0zNDM2M2JjN2M0YzAiOnsiY3JlYXRlIjoxODAwMDAwMDAwMDAwLCJkZWxldGUiOjE4MDAwMDAwMDAwMDAsInJlYWQiOjMwMDAwMDAwMDAwMCwidXBkYXRlIjoxODAwMDAwMDAwMDAwfX0=",
          "dependencies": [
            "azurerm_resource_group.htw_RG",
            "azurerm_virtual_network.htw_vnet"
          ]
        }
      ]
    },
    {
      "mode": "managed",
      "type": "azurerm_subnet_network_security_group_association",
      "name": "htw_SGA",
      "provider": "provider[\"registry.terraform.io/hashicorp/azurerm\"]",
      "instances": [
        {
          "schema_version": 0,
          "attributes": {
            "id": "/subscriptions/ebfda803-71d8-4143-8888-0c70f5d0c5e2/resourceGroups/htw_RG01/providers/Microsoft.Network/virtualNetworks/htw_vnet01/subnets/htw_subnet01",
            "network_security_group_id": "/subscriptions/ebfda803-71d8-4143-8888-0c70f5d0c5e2/resourceGroups/htw_RG01/providers/Microsoft.Network/networkSecurityGroups/htw_nsg01",
            "subnet_id": "/subscriptions/ebfda803-71d8-4143-8888-0c70f5d0c5e2/resourceGroups/htw_RG01/providers/Microsoft.Network/virtualNetworks/htw_vnet01/subnets/htw_subnet01",
            "timeouts": null
          },
          "sensitive_attributes": [],
          "identity_schema_version": 0,
          "private": "eyJlMmJmYjczMC1lY2FhLTExZTYtOGY4OC0zNDM2M2JjN2M0YzAiOnsiY3JlYXRlIjoxODAwMDAwMDAwMDAwLCJkZWxldGUiOjE4MDAwMDAwMDAwMDAsInJlYWQiOjMwMDAwMDAwMDAwMH19",
          "dependencies": [
            "azurerm_network_security_group.htw_nsg",
            "azurerm_resource_group.htw_RG",
            "azurerm_subnet.htw_subnet",
            "azurerm_virtual_network.htw_vnet"
          ]
        }
      ]
    },
    {
      "mode": "managed",
      "type": "azurerm_virtual_network",
      "name": "htw_vnet",
      "provider": "provider[\"registry.terraform.io/hashicorp/azurerm\"]",
      "instances": [
        {
          "schema_version": 0,
          "attributes": {
            "address_space": [
              "10.0.0.0/16"
            ],
            "bgp_community": "",
            "ddos_protection_plan": [],
            "dns_servers": [],
            "edge_zone": "",
            "encryption": [],
            "flow_timeout_in_minutes": 0,
            "guid": "6b5927fa-ba63-4ad3-a273-b29e80c36e7c",
            "id": "/subscriptions/ebfda803-71d8-4143-8888-0c70f5d0c5e2/resourceGroups/htw_RG01/providers/Microsoft.Network/virtualNetworks/htw_vnet01",
            "location": "westeurope",
            "name": "htw_vnet01",
            "resource_group_name": "htw_RG01",
            "subnet": [
              {
                "address_prefix": "10.0.0.0/24",
                "id": "/subscriptions/ebfda803-71d8-4143-8888-0c70f5d0c5e2/resourceGroups/htw_RG01/providers/Microsoft.Network/virtualNetworks/htw_vnet01/subnets/htw_subnet01",
                "name": "htw_subnet01",
                "security_group": "/subscriptions/ebfda803-71d8-4143-8888-0c70f5d0c5e2/resourceGroups/htw_RG01/providers/Microsoft.Network/networkSecurityGroups/htw_nsg01"
              }
            ],
            "tags": {
              "environment": "dev",
              "project": "htw"
            },
            "timeouts": null
          },
          "sensitive_attributes": [],
          "identity_schema_version": 0,
          "private": "eyJlMmJmYjczMC1lY2FhLTExZTYtOGY4OC0zNDM2M2JjN2M0YzAiOnsiY3JlYXRlIjoxODAwMDAwMDAwMDAwLCJkZWxldGUiOjE4MDAwMDAwMDAwMDAsInJlYWQiOjMwMDAwMDAwMDAwMCwidXBkYXRlIjoxODAwMDAwMDAwMDAwfX0=",
          "dependencies": [
            "azurerm_resource_group.htw_RG"
          ]
        }
      ]
    },
    {
      "mode": "managed",
      "type": "azurerm_windows_virtual_machine",
      "name": "htw_vm",
      "provider": "provider[\"registry.terraform.io/hashicorp/azurerm\"]",
      "instances": [
        {
          "index_key": "htw-vm01",
          "schema_version": 0,
          "attributes": {
            "additional_capabilities": [],
            "additional_unattend_content": [],
            "admin_password": "P@ssword12345!",
            "admin_username": "htwadmin",
            "allow_extension_operations": true,
            "availability_set_id": "",
            "boot_diagnostics": [],
            "bypass_platform_safety_checks_on_user_schedule_enabled": false,
            "capacity_reservation_group_id": "",
            "computer_name": "htw-vm01",
            "custom_data": null,
            "dedicated_host_group_id": "",
            "dedicated_host_id": "",
            "disk_controller_type": "SCSI",
            "edge_zone": "",
            "enable_automatic_updates": true,
            "encryption_at_host_enabled": false,
            "eviction_policy": "",
            "extensions_time_budget": "PT1H30M",
            "gallery_application": [],
            "hotpatching_enabled": false,
            "id": "/subscriptions/ebfda803-71d8-4143-8888-0c70f5d0c5e2/resourceGroups/htw_RG01/providers/Microsoft.Compute/virtualMachines/htw-vm01",
            "identity": [],
            "license_type": "",
            "location": "westeurope",
            "max_bid_price": -1,
            "name": "htw-vm01",
            "network_interface_ids": [
              "/subscriptions/ebfda803-71d8-4143-8888-0c70f5d0c5e2/resourceGroups/htw_RG01/providers/Microsoft.Network/networkInterfaces/htw-vm01-nic"
            ],
            "os_disk": [
              {
                "caching": "ReadWrite",
                "diff_disk_settings": [],
                "disk_encryption_set_id": "",
                "disk_size_gb": 127,
                "name": "htw-vm01_OsDisk_1_aa0925bd89124c68acd03dc86e8f9a22",
                "secure_vm_disk_encryption_set_id": "",
                "security_encryption_type": "",
                "storage_account_type": "Standard_LRS",
                "write_accelerator_enabled": false
              }
            ],
            "os_image_notification": [],
            "patch_assessment_mode": "ImageDefault",
            "patch_mode": "AutomaticByOS",
            "plan": [],
            "platform_fault_domain": -1,
            "priority": "Regular",
            "private_ip_address": "10.0.0.5",
            "private_ip_addresses": [
              "10.0.0.5"
            ],
            "provision_vm_agent": true,
            "proximity_placement_group_id": "",
            "public_ip_address": "51.124.111.209",
            "public_ip_addresses": [
              "51.124.111.209"
            ],
            "reboot_setting": "",
            "resource_group_name": "htw_RG01",
            "secret": [],
            "secure_boot_enabled": false,
            "size": "Standard_D2s_v3",
            "source_image_id": "",
            "source_image_reference": [
              {
                "offer": "windows-11",
                "publisher": "MicrosoftWindowsDesktop",
                "sku": "win11-23h2-ent",
                "version": "latest"
              }
            ],
            "tags": {
              "environment": "dev",
              "project": "htw"
            },
            "termination_notification": [],
            "timeouts": null,
            "timezone": "",
            "user_data": "",
            "virtual_machine_id": "9b0f7160-bcfb-46e8-9333-c98ab98f5563",
            "virtual_machine_scale_set_id": "",
            "vm_agent_platform_updates_enabled": true,
            "vtpm_enabled": false,
            "winrm_listener": [],
            "zone": ""
          },
          "sensitive_attributes": [
            [
              {
                "type": "get_attr",
                "value": "admin_password"
              }
            ],
            [
              {
                "type": "get_attr",
                "value": "custom_data"
              }
            ]
          ],
          "identity_schema_version": 0,
          "private": "eyJlMmJmYjczMC1lY2FhLTExZTYtOGY4OC0zNDM2M2JjN2M0YzAiOnsiY3JlYXRlIjoyNzAwMDAwMDAwMDAwLCJkZWxldGUiOjI3MDAwMDAwMDAwMDAsInJlYWQiOjMwMDAwMDAwMDAwMCwidXBkYXRlIjoyNzAwMDAwMDAwMDAwfX0=",
          "dependencies": [
            "azurerm_network_interface.htw_nic",
            "azurerm_public_ip.htw_ip",
            "azurerm_resource_group.htw_RG",
            "azurerm_subnet.htw_subnet",
            "azurerm_virtual_network.htw_vnet"
          ]
        }
      ]
    }
  ],
  "check_results": null
}
